
Microsoft Visual Studio Solution File, Format Version 12.00
# Visual Studio Version 16
VisualStudioVersion = 16.0.29519.87
MinimumVisualStudioVersion = 10.0.40219.1
Project("{FAE04EC0-301F-11D3-BF4B-00C04F79EFBC}") = "Rdz.FPG", "Rdz.FPG.csproj", "{B59EAA76-28CD-48CB-883A-553935B01479}"
EndProject
Global
	GlobalSection(SolutionConfigurationPlatforms) = preSolution
		Debug|Any CPU = Debug|Any CPU
		Release|Any CPU = Release|Any CPU
	EndGlobalSection
	GlobalSection(ProjectConfigurationPlatforms) = postSolution
		{B59EAA76-28CD-48CB-883A-553935B01479}.Debug|Any CPU.ActiveCfg = Debug|Any CPU
		{B59EAA76-28CD-48CB-883A-553935B01479}.Debug|Any CPU.Build.0 = Debug|Any CPU
		{B59EAA76-28CD-48CB-883A-553935B01479}.Release|Any CPU.ActiveCfg = Release|Any CPU
		{B59EAA76-28CD-48CB-883A-553935B01479}.Release|Any CPU.Build.0 = Release|Any CPU
	EndGlobalSection
	GlobalSection(SolutionProperties) = preSolution
		HideSolutionNode = FALSE
	EndGlobalSection
	GlobalSection(ExtensibilityGlobals) = postSolution
		SolutionGuid = {6DDD27F9-1D25-48A2-B9EF-0B946F34408C}
	EndGlobalSection
EndGlobal
